
Microsoft Visual Studio Solution File, Format Version 11.00
# Visual Studio 2010
Project("{FAE04EC0-301F-11D3-BF4B-00C04F79EFBC}") = "Gedcom", "Gedcom\Gedcom.csproj", "{872AE81C-2178-4D2B-9077-34A8AD1595D9}"
	ProjectSection(ProjectDependencies) = postProject
		{C006EBC3-3802-430C-914D-ED54AC81DE98} = {C006EBC3-3802-430C-914D-ED54AC81DE98}
	EndProjectSection
EndProject
Project("{FAE04EC0-301F-11D3-BF4B-00C04F79EFBC}") = "Utility", "Utility\Utility.csproj", "{C006EBC3-3802-430C-914D-ED54AC81DE98}"
EndProject
Project("{FAE04EC0-301F-11D3-BF4B-00C04F79EFBC}") = "GedcomParser", "GedcomParser\GedcomParser.csproj", "{1CACB4ED-A0AC-49B0-BFCF-3EBA26DF558C}"
	ProjectSection(ProjectDependencies) = postProject
		{872AE81C-2178-4D2B-9077-34A8AD1595D9} = {872AE81C-2178-4D2B-9077-34A8AD1595D9}
		{C006EBC3-3802-430C-914D-ED54AC81DE98} = {C006EBC3-3802-430C-914D-ED54AC81DE98}
	EndProjectSection
EndProject
Project("{F184B08F-C81C-45F6-A57F-5ABD9991F28F}") = "WinFormTest", "WinFormTest\WinFormTest.vbproj", "{6C6761EC-E8AA-42DF-AD08-6134100B3855}"
EndProject
Project("{F184B08F-C81C-45F6-A57F-5ABD9991F28F}") = "Gedcom.Model", "Gedcom.Model\Gedcom.Model.vbproj", "{25AF32E3-B6FC-48EC-9BD0-8C8C2FD2E833}"
EndProject
Project("{F184B08F-C81C-45F6-A57F-5ABD9991F28F}") = "Gedcom.BL", "Gedcom.BL\Gedcom.BL.vbproj", "{5D5C7D38-1437-46A8-B321-A43F1186B2FA}"
EndProject
Project("{F184B08F-C81C-45F6-A57F-5ABD9991F28F}") = "Gedcom.Web", "Gedcom.Web\Gedcom.Web.vbproj", "{2915DA10-FC38-43F8-993F-A5A4C02CF424}"
EndProject
Project("{F184B08F-C81C-45F6-A57F-5ABD9991F28F}") = "Gedcom.Import", "Gedcom.Import\Gedcom.Import.vbproj", "{A9854049-F2C9-408B-97AF-E6FD0FAE69A0}"
EndProject
Project("{FAE04EC0-301F-11D3-BF4B-00C04F79EFBC}") = "SilverlightFileUploadWeb", "FileUpload\SilverlightFileUploadWeb\SilverlightFileUploadWeb.csproj", "{141F062B-C290-43B4-A111-32544438F70D}"
EndProject
Project("{FAE04EC0-301F-11D3-BF4B-00C04F79EFBC}") = "FileUploadClient", "FileUpload\FileUploadClient\FileUploadClient.csproj", "{14FBF683-B36D-4C48-96DF-57176CF2A60F}"
EndProject
Project("{FAE04EC0-301F-11D3-BF4B-00C04F79EFBC}") = "SilverlightFileUpload", "FileUpload\SilverlightFileUpload\SilverlightFileUpload.csproj", "{86B590BE-E14A-4252-BFF0-7148D45F99DF}"
EndProject
Global
	GlobalSection(SolutionConfigurationPlatforms) = preSolution
		Debug - VS|Any CPU = Debug - VS|Any CPU
		Debug - VS|Mixed Platforms = Debug - VS|Mixed Platforms
		Debug - VS|x86 = Debug - VS|x86
		Debug|Any CPU = Debug|Any CPU
		Debug|Mixed Platforms = Debug|Mixed Platforms
		Debug|x86 = Debug|x86
		Release - VS|Any CPU = Release - VS|Any CPU
		Release - VS|Mixed Platforms = Release - VS|Mixed Platforms
		Release - VS|x86 = Release - VS|x86
		Release|Any CPU = Release|Any CPU
		Release|Mixed Platforms = Release|Mixed Platforms
		Release|x86 = Release|x86
	EndGlobalSection
	GlobalSection(ProjectConfigurationPlatforms) = postSolution
		{872AE81C-2178-4D2B-9077-34A8AD1595D9}.Debug - VS|Any CPU.ActiveCfg = Debug - VS|Any CPU
		{872AE81C-2178-4D2B-9077-34A8AD1595D9}.Debug - VS|Any CPU.Build.0 = Debug - VS|Any CPU
		{872AE81C-2178-4D2B-9077-34A8AD1595D9}.Debug - VS|Mixed Platforms.ActiveCfg = Debug - VS|Any CPU
		{872AE81C-2178-4D2B-9077-34A8AD1595D9}.Debug - VS|Mixed Platforms.Build.0 = Debug - VS|Any CPU
		{872AE81C-2178-4D2B-9077-34A8AD1595D9}.Debug - VS|x86.ActiveCfg = Debug - VS|Any CPU
		{872AE81C-2178-4D2B-9077-34A8AD1595D9}.Debug|Any CPU.ActiveCfg = Debug|Any CPU
		{872AE81C-2178-4D2B-9077-34A8AD1595D9}.Debug|Any CPU.Build.0 = Debug|Any CPU
		{872AE81C-2178-4D2B-9077-34A8AD1595D9}.Debug|Mixed Platforms.ActiveCfg = Debug|Any CPU
		{872AE81C-2178-4D2B-9077-34A8AD1595D9}.Debug|Mixed Platforms.Build.0 = Debug|Any CPU
		{872AE81C-2178-4D2B-9077-34A8AD1595D9}.Debug|x86.ActiveCfg = Debug|Any CPU
		{872AE81C-2178-4D2B-9077-34A8AD1595D9}.Release - VS|Any CPU.ActiveCfg = Release - VS|Any CPU
		{872AE81C-2178-4D2B-9077-34A8AD1595D9}.Release - VS|Any CPU.Build.0 = Release - VS|Any CPU
		{872AE81C-2178-4D2B-9077-34A8AD1595D9}.Release - VS|Mixed Platforms.ActiveCfg = Release - VS|Any CPU
		{872AE81C-2178-4D2B-9077-34A8AD1595D9}.Release - VS|Mixed Platforms.Build.0 = Release - VS|Any CPU
		{872AE81C-2178-4D2B-9077-34A8AD1595D9}.Release - VS|x86.ActiveCfg = Release - VS|Any CPU
		{872AE81C-2178-4D2B-9077-34A8AD1595D9}.Release|Any CPU.ActiveCfg = Release|Any CPU
		{872AE81C-2178-4D2B-9077-34A8AD1595D9}.Release|Any CPU.Build.0 = Release|Any CPU
		{872AE81C-2178-4D2B-9077-34A8AD1595D9}.Release|Mixed Platforms.ActiveCfg = Release|Any CPU
		{872AE81C-2178-4D2B-9077-34A8AD1595D9}.Release|Mixed Platforms.Build.0 = Release|Any CPU
		{872AE81C-2178-4D2B-9077-34A8AD1595D9}.Release|x86.ActiveCfg = Release|Any CPU
		{C006EBC3-3802-430C-914D-ED54AC81DE98}.Debug - VS|Any CPU.ActiveCfg = Debug - VS|Any CPU
		{C006EBC3-3802-430C-914D-ED54AC81DE98}.Debug - VS|Any CPU.Build.0 = Debug - VS|Any CPU
		{C006EBC3-3802-430C-914D-ED54AC81DE98}.Debug - VS|Mixed Platforms.ActiveCfg = Debug - VS|Any CPU
		{C006EBC3-3802-430C-914D-ED54AC81DE98}.Debug - VS|Mixed Platforms.Build.0 = Debug - VS|Any CPU
		{C006EBC3-3802-430C-914D-ED54AC81DE98}.Debug - VS|x86.ActiveCfg = Debug - VS|Any CPU
		{C006EBC3-3802-430C-914D-ED54AC81DE98}.Debug|Any CPU.ActiveCfg = Debug|Any CPU
		{C006EBC3-3802-430C-914D-ED54AC81DE98}.Debug|Any CPU.Build.0 = Debug|Any CPU
		{C006EBC3-3802-430C-914D-ED54AC81DE98}.Debug|Mixed Platforms.ActiveCfg = Debug|Any CPU
		{C006EBC3-3802-430C-914D-ED54AC81DE98}.Debug|Mixed Platforms.Build.0 = Debug|Any CPU
		{C006EBC3-3802-430C-914D-ED54AC81DE98}.Debug|x86.ActiveCfg = Debug|Any CPU
		{C006EBC3-3802-430C-914D-ED54AC81DE98}.Release - VS|Any CPU.ActiveCfg = Release - VS|Any CPU
		{C006EBC3-3802-430C-914D-ED54AC81DE98}.Release - VS|Any CPU.Build.0 = Release - VS|Any CPU
		{C006EBC3-3802-430C-914D-ED54AC81DE98}.Release - VS|Mixed Platforms.ActiveCfg = Release - VS|Any CPU
		{C006EBC3-3802-430C-914D-ED54AC81DE98}.Release - VS|Mixed Platforms.Build.0 = Release - VS|Any CPU
		{C006EBC3-3802-430C-914D-ED54AC81DE98}.Release - VS|x86.ActiveCfg = Release - VS|Any CPU
		{C006EBC3-3802-430C-914D-ED54AC81DE98}.Release|Any CPU.ActiveCfg = Release|Any CPU
		{C006EBC3-3802-430C-914D-ED54AC81DE98}.Release|Any CPU.Build.0 = Release|Any CPU
		{C006EBC3-3802-430C-914D-ED54AC81DE98}.Release|Mixed Platforms.ActiveCfg = Release|Any CPU
		{C006EBC3-3802-430C-914D-ED54AC81DE98}.Release|Mixed Platforms.Build.0 = Release|Any CPU
		{C006EBC3-3802-430C-914D-ED54AC81DE98}.Release|x86.ActiveCfg = Release|Any CPU
		{1CACB4ED-A0AC-49B0-BFCF-3EBA26DF558C}.Debug - VS|Any CPU.ActiveCfg = Debug - VS|Any CPU
		{1CACB4ED-A0AC-49B0-BFCF-3EBA26DF558C}.Debug - VS|Any CPU.Build.0 = Debug - VS|Any CPU
		{1CACB4ED-A0AC-49B0-BFCF-3EBA26DF558C}.Debug - VS|Mixed Platforms.ActiveCfg = Debug - VS|Any CPU
		{1CACB4ED-A0AC-49B0-BFCF-3EBA26DF558C}.Debug - VS|Mixed Platforms.Build.0 = Debug - VS|Any CPU
		{1CACB4ED-A0AC-49B0-BFCF-3EBA26DF558C}.Debug - VS|x86.ActiveCfg = Debug - VS|Any CPU
		{1CACB4ED-A0AC-49B0-BFCF-3EBA26DF558C}.Debug|Any CPU.ActiveCfg = Debug|Any CPU
		{1CACB4ED-A0AC-49B0-BFCF-3EBA26DF558C}.Debug|Any CPU.Build.0 = Debug|Any CPU
		{1CACB4ED-A0AC-49B0-BFCF-3EBA26DF558C}.Debug|Mixed Platforms.ActiveCfg = Debug|Any CPU
		{1CACB4ED-A0AC-49B0-BFCF-3EBA26DF558C}.Debug|Mixed Platforms.Build.0 = Debug|Any CPU
		{1CACB4ED-A0AC-49B0-BFCF-3EBA26DF558C}.Debug|x86.ActiveCfg = Debug|Any CPU
		{1CACB4ED-A0AC-49B0-BFCF-3EBA26DF558C}.Release - VS|Any CPU.ActiveCfg = Release - VS|Any CPU
		{1CACB4ED-A0AC-49B0-BFCF-3EBA26DF558C}.Release - VS|Any CPU.Build.0 = Release - VS|Any CPU
		{1CACB4ED-A0AC-49B0-BFCF-3EBA26DF558C}.Release - VS|Mixed Platforms.ActiveCfg = Release - VS|Any CPU
		{1CACB4ED-A0AC-49B0-BFCF-3EBA26DF558C}.Release - VS|Mixed Platforms.Build.0 = Release - VS|Any CPU
		{1CACB4ED-A0AC-49B0-BFCF-3EBA26DF558C}.Release - VS|x86.ActiveCfg = Release - VS|Any CPU
		{1CACB4ED-A0AC-49B0-BFCF-3EBA26DF558C}.Release|Any CPU.ActiveCfg = Release|Any CPU
		{1CACB4ED-A0AC-49B0-BFCF-3EBA26DF558C}.Release|Any CPU.Build.0 = Release|Any CPU
		{1CACB4ED-A0AC-49B0-BFCF-3EBA26DF558C}.Release|Mixed Platforms.ActiveCfg = Release|Any CPU
		{1CACB4ED-A0AC-49B0-BFCF-3EBA26DF558C}.Release|Mixed Platforms.Build.0 = Release|Any CPU
		{1CACB4ED-A0AC-49B0-BFCF-3EBA26DF558C}.Release|x86.ActiveCfg = Release|Any CPU
		{6C6761EC-E8AA-42DF-AD08-6134100B3855}.Debug - VS|Any CPU.ActiveCfg = Debug|x86
		{6C6761EC-E8AA-42DF-AD08-6134100B3855}.Debug - VS|Mixed Platforms.ActiveCfg = Debug|x86
		{6C6761EC-E8AA-42DF-AD08-6134100B3855}.Debug - VS|Mixed Platforms.Build.0 = Debug|x86
		{6C6761EC-E8AA-42DF-AD08-6134100B3855}.Debug - VS|x86.ActiveCfg = Debug|x86
		{6C6761EC-E8AA-42DF-AD08-6134100B3855}.Debug - VS|x86.Build.0 = Debug|x86
		{6C6761EC-E8AA-42DF-AD08-6134100B3855}.Debug|Any CPU.ActiveCfg = Debug|x86
		{6C6761EC-E8AA-42DF-AD08-6134100B3855}.Debug|Mixed Platforms.ActiveCfg = Debug|x86
		{6C6761EC-E8AA-42DF-AD08-6134100B3855}.Debug|Mixed Platforms.Build.0 = Debug|x86
		{6C6761EC-E8AA-42DF-AD08-6134100B3855}.Debug|x86.ActiveCfg = Debug|x86
		{6C6761EC-E8AA-42DF-AD08-6134100B3855}.Debug|x86.Build.0 = Debug|x86
		{6C6761EC-E8AA-42DF-AD08-6134100B3855}.Release - VS|Any CPU.ActiveCfg = Release|x86
		{6C6761EC-E8AA-42DF-AD08-6134100B3855}.Release - VS|Mixed Platforms.ActiveCfg = Release|x86
		{6C6761EC-E8AA-42DF-AD08-6134100B3855}.Release - VS|Mixed Platforms.Build.0 = Release|x86
		{6C6761EC-E8AA-42DF-AD08-6134100B3855}.Release - VS|x86.ActiveCfg = Release|x86
		{6C6761EC-E8AA-42DF-AD08-6134100B3855}.Release - VS|x86.Build.0 = Release|x86
		{6C6761EC-E8AA-42DF-AD08-6134100B3855}.Release|Any CPU.ActiveCfg = Release|x86
		{6C6761EC-E8AA-42DF-AD08-6134100B3855}.Release|Mixed Platforms.ActiveCfg = Release|x86
		{6C6761EC-E8AA-42DF-AD08-6134100B3855}.Release|Mixed Platforms.Build.0 = Release|x86
		{6C6761EC-E8AA-42DF-AD08-6134100B3855}.Release|x86.ActiveCfg = Release|x86
		{6C6761EC-E8AA-42DF-AD08-6134100B3855}.Release|x86.Build.0 = Release|x86
		{25AF32E3-B6FC-48EC-9BD0-8C8C2FD2E833}.Debug - VS|Any CPU.ActiveCfg = Debug|Any CPU
		{25AF32E3-B6FC-48EC-9BD0-8C8C2FD2E833}.Debug - VS|Any CPU.Build.0 = Debug|Any CPU
		{25AF32E3-B6FC-48EC-9BD0-8C8C2FD2E833}.Debug - VS|Mixed Platforms.ActiveCfg = Debug|Any CPU
		{25AF32E3-B6FC-48EC-9BD0-8C8C2FD2E833}.Debug - VS|Mixed Platforms.Build.0 = Debug|Any CPU
		{25AF32E3-B6FC-48EC-9BD0-8C8C2FD2E833}.Debug - VS|x86.ActiveCfg = Debug|Any CPU
		{25AF32E3-B6FC-48EC-9BD0-8C8C2FD2E833}.Debug|Any CPU.ActiveCfg = Debug|Any CPU
		{25AF32E3-B6FC-48EC-9BD0-8C8C2FD2E833}.Debug|Any CPU.Build.0 = Debug|Any CPU
		{25AF32E3-B6FC-48EC-9BD0-8C8C2FD2E833}.Debug|Mixed Platforms.ActiveCfg = Debug|Any CPU
		{25AF32E3-B6FC-48EC-9BD0-8C8C2FD2E833}.Debug|Mixed Platforms.Build.0 = Debug|Any CPU
		{25AF32E3-B6FC-48EC-9BD0-8C8C2FD2E833}.Debug|x86.ActiveCfg = Debug|Any CPU
		{25AF32E3-B6FC-48EC-9BD0-8C8C2FD2E833}.Release - VS|Any CPU.ActiveCfg = Release|Any CPU
		{25AF32E3-B6FC-48EC-9BD0-8C8C2FD2E833}.Release - VS|Any CPU.Build.0 = Release|Any CPU
		{25AF32E3-B6FC-48EC-9BD0-8C8C2FD2E833}.Release - VS|Mixed Platforms.ActiveCfg = Release|Any CPU
		{25AF32E3-B6FC-48EC-9BD0-8C8C2FD2E833}.Release - VS|Mixed Platforms.Build.0 = Release|Any CPU
		{25AF32E3-B6FC-48EC-9BD0-8C8C2FD2E833}.Release - VS|x86.ActiveCfg = Release|Any CPU
		{25AF32E3-B6FC-48EC-9BD0-8C8C2FD2E833}.Release|Any CPU.ActiveCfg = Release|Any CPU
		{25AF32E3-B6FC-48EC-9BD0-8C8C2FD2E833}.Release|Any CPU.Build.0 = Release|Any CPU
		{25AF32E3-B6FC-48EC-9BD0-8C8C2FD2E833}.Release|Mixed Platforms.ActiveCfg = Release|Any CPU
		{25AF32E3-B6FC-48EC-9BD0-8C8C2FD2E833}.Release|Mixed Platforms.Build.0 = Release|Any CPU
		{25AF32E3-B6FC-48EC-9BD0-8C8C2FD2E833}.Release|x86.ActiveCfg = Release|Any CPU
		{5D5C7D38-1437-46A8-B321-A43F1186B2FA}.Debug - VS|Any CPU.ActiveCfg = Debug|Any CPU
		{5D5C7D38-1437-46A8-B321-A43F1186B2FA}.Debug - VS|Any CPU.Build.0 = Debug|Any CPU
		{5D5C7D38-1437-46A8-B321-A43F1186B2FA}.Debug - VS|Mixed Platforms.ActiveCfg = Debug|Any CPU
		{5D5C7D38-1437-46A8-B321-A43F1186B2FA}.Debug - VS|Mixed Platforms.Build.0 = Debug|Any CPU
		{5D5C7D38-1437-46A8-B321-A43F1186B2FA}.Debug - VS|x86.ActiveCfg = Debug|Any CPU
		{5D5C7D38-1437-46A8-B321-A43F1186B2FA}.Debug|Any CPU.ActiveCfg = Debug|Any CPU
		{5D5C7D38-1437-46A8-B321-A43F1186B2FA}.Debug|Any CPU.Build.0 = Debug|Any CPU
		{5D5C7D38-1437-46A8-B321-A43F1186B2FA}.Debug|Mixed Platforms.ActiveCfg = Debug|Any CPU
		{5D5C7D38-1437-46A8-B321-A43F1186B2FA}.Debug|Mixed Platforms.Build.0 = Debug|Any CPU
		{5D5C7D38-1437-46A8-B321-A43F1186B2FA}.Debug|x86.ActiveCfg = Debug|Any CPU
		{5D5C7D38-1437-46A8-B321-A43F1186B2FA}.Release - VS|Any CPU.ActiveCfg = Release|Any CPU
		{5D5C7D38-1437-46A8-B321-A43F1186B2FA}.Release - VS|Any CPU.Build.0 = Release|Any CPU
		{5D5C7D38-1437-46A8-B321-A43F1186B2FA}.Release - VS|Mixed Platforms.ActiveCfg = Release|Any CPU
		{5D5C7D38-1437-46A8-B321-A43F1186B2FA}.Release - VS|Mixed Platforms.Build.0 = Release|Any CPU
		{5D5C7D38-1437-46A8-B321-A43F1186B2FA}.Release - VS|x86.ActiveCfg = Release|Any CPU
		{5D5C7D38-1437-46A8-B321-A43F1186B2FA}.Release|Any CPU.ActiveCfg = Release|Any CPU
		{5D5C7D38-1437-46A8-B321-A43F1186B2FA}.Release|Any CPU.Build.0 = Release|Any CPU
		{5D5C7D38-1437-46A8-B321-A43F1186B2FA}.Release|Mixed Platforms.ActiveCfg = Release|Any CPU
		{5D5C7D38-1437-46A8-B321-A43F1186B2FA}.Release|Mixed Platforms.Build.0 = Release|Any CPU
		{5D5C7D38-1437-46A8-B321-A43F1186B2FA}.Release|x86.ActiveCfg = Release|Any CPU
		{2915DA10-FC38-43F8-993F-A5A4C02CF424}.Debug - VS|Any CPU.ActiveCfg = Debug|Any CPU
		{2915DA10-FC38-43F8-993F-A5A4C02CF424}.Debug - VS|Any CPU.Build.0 = Debug|Any CPU
		{2915DA10-FC38-43F8-993F-A5A4C02CF424}.Debug - VS|Mixed Platforms.ActiveCfg = Debug|Any CPU
		{2915DA10-FC38-43F8-993F-A5A4C02CF424}.Debug - VS|Mixed Platforms.Build.0 = Debug|Any CPU
		{2915DA10-FC38-43F8-993F-A5A4C02CF424}.Debug - VS|x86.ActiveCfg = Debug|Any CPU
		{2915DA10-FC38-43F8-993F-A5A4C02CF424}.Debug|Any CPU.ActiveCfg = Debug|Any CPU
		{2915DA10-FC38-43F8-993F-A5A4C02CF424}.Debug|Any CPU.Build.0 = Debug|Any CPU
		{2915DA10-FC38-43F8-993F-A5A4C02CF424}.Debug|Mixed Platforms.ActiveCfg = Debug|Any CPU
		{2915DA10-FC38-43F8-993F-A5A4C02CF424}.Debug|Mixed Platforms.Build.0 = Debug|Any CPU
		{2915DA10-FC38-43F8-993F-A5A4C02CF424}.Debug|x86.ActiveCfg = Debug|Any CPU
		{2915DA10-FC38-43F8-993F-A5A4C02CF424}.Release - VS|Any CPU.ActiveCfg = Release|Any CPU
		{2915DA10-FC38-43F8-993F-A5A4C02CF424}.Release - VS|Any CPU.Build.0 = Release|Any CPU
		{2915DA10-FC38-43F8-993F-A5A4C02CF424}.Release - VS|Mixed Platforms.ActiveCfg = Release|Any CPU
		{2915DA10-FC38-43F8-993F-A5A4C02CF424}.Release - VS|Mixed Platforms.Build.0 = Release|Any CPU
		{2915DA10-FC38-43F8-993F-A5A4C02CF424}.Release - VS|x86.ActiveCfg = Release|Any CPU
		{2915DA10-FC38-43F8-993F-A5A4C02CF424}.Release|Any CPU.ActiveCfg = Release|Any CPU
		{2915DA10-FC38-43F8-993F-A5A4C02CF424}.Release|Any CPU.Build.0 = Release|Any CPU
		{2915DA10-FC38-43F8-993F-A5A4C02CF424}.Release|Mixed Platforms.ActiveCfg = Release|Any CPU
		{2915DA10-FC38-43F8-993F-A5A4C02CF424}.Release|Mixed Platforms.Build.0 = Release|Any CPU
		{2915DA10-FC38-43F8-993F-A5A4C02CF424}.Release|x86.ActiveCfg = Release|Any CPU
		{A9854049-F2C9-408B-97AF-E6FD0FAE69A0}.Debug - VS|Any CPU.ActiveCfg = Debug|x86
		{A9854049-F2C9-408B-97AF-E6FD0FAE69A0}.Debug - VS|Mixed Platforms.ActiveCfg = Debug|x86
		{A9854049-F2C9-408B-97AF-E6FD0FAE69A0}.Debug - VS|Mixed Platforms.Build.0 = Debug|x86
		{A9854049-F2C9-408B-97AF-E6FD0FAE69A0}.Debug - VS|x86.ActiveCfg = Debug|x86
		{A9854049-F2C9-408B-97AF-E6FD0FAE69A0}.Debug - VS|x86.Build.0 = Debug|x86
		{A9854049-F2C9-408B-97AF-E6FD0FAE69A0}.Debug|Any CPU.ActiveCfg = Debug|x86
		{A9854049-F2C9-408B-97AF-E6FD0FAE69A0}.Debug|Mixed Platforms.ActiveCfg = Debug|x86
		{A9854049-F2C9-408B-97AF-E6FD0FAE69A0}.Debug|Mixed Platforms.Build.0 = Debug|x86
		{A9854049-F2C9-408B-97AF-E6FD0FAE69A0}.Debug|x86.ActiveCfg = Debug|x86
		{A9854049-F2C9-408B-97AF-E6FD0FAE69A0}.Debug|x86.Build.0 = Debug|x86
		{A9854049-F2C9-408B-97AF-E6FD0FAE69A0}.Release - VS|Any CPU.ActiveCfg = Release|x86
		{A9854049-F2C9-408B-97AF-E6FD0FAE69A0}.Release - VS|Mixed Platforms.ActiveCfg = Release|x86
		{A9854049-F2C9-408B-97AF-E6FD0FAE69A0}.Release - VS|Mixed Platforms.Build.0 = Release|x86
		{A9854049-F2C9-408B-97AF-E6FD0FAE69A0}.Release - VS|x86.ActiveCfg = Release|x86
		{A9854049-F2C9-408B-97AF-E6FD0FAE69A0}.Release - VS|x86.Build.0 = Release|x86
		{A9854049-F2C9-408B-97AF-E6FD0FAE69A0}.Release|Any CPU.ActiveCfg = Release|x86
		{A9854049-F2C9-408B-97AF-E6FD0FAE69A0}.Release|Mixed Platforms.ActiveCfg = Release|x86
		{A9854049-F2C9-408B-97AF-E6FD0FAE69A0}.Release|Mixed Platforms.Build.0 = Release|x86
		{A9854049-F2C9-408B-97AF-E6FD0FAE69A0}.Release|x86.ActiveCfg = Release|x86
		{A9854049-F2C9-408B-97AF-E6FD0FAE69A0}.Release|x86.Build.0 = Release|x86
		{141F062B-C290-43B4-A111-32544438F70D}.Debug - VS|Any CPU.ActiveCfg = Debug|Any CPU
		{141F062B-C290-43B4-A111-32544438F70D}.Debug - VS|Any CPU.Build.0 = Debug|Any CPU
		{141F062B-C290-43B4-A111-32544438F70D}.Debug - VS|Mixed Platforms.ActiveCfg = Debug|Any CPU
		{141F062B-C290-43B4-A111-32544438F70D}.Debug - VS|Mixed Platforms.Build.0 = Debug|Any CPU
		{141F062B-C290-43B4-A111-32544438F70D}.Debug - VS|x86.ActiveCfg = Debug|Any CPU
		{141F062B-C290-43B4-A111-32544438F70D}.Debug|Any CPU.ActiveCfg = Debug|Any CPU
		{141F062B-C290-43B4-A111-32544438F70D}.Debug|Any CPU.Build.0 = Debug|Any CPU
		{141F062B-C290-43B4-A111-32544438F70D}.Debug|Mixed Platforms.ActiveCfg = Debug|Any CPU
		{141F062B-C290-43B4-A111-32544438F70D}.Debug|Mixed Platforms.Build.0 = Debug|Any CPU
		{141F062B-C290-43B4-A111-32544438F70D}.Debug|x86.ActiveCfg = Debug|Any CPU
		{141F062B-C290-43B4-A111-32544438F70D}.Release - VS|Any CPU.ActiveCfg = Release|Any CPU
		{141F062B-C290-43B4-A111-32544438F70D}.Release - VS|Any CPU.Build.0 = Release|Any CPU
		{141F062B-C290-43B4-A111-32544438F70D}.Release - VS|Mixed Platforms.ActiveCfg = Release|Any CPU
		{141F062B-C290-43B4-A111-32544438F70D}.Release - VS|Mixed Platforms.Build.0 = Release|Any CPU
		{141F062B-C290-43B4-A111-32544438F70D}.Release - VS|x86.ActiveCfg = Release|Any CPU
		{141F062B-C290-43B4-A111-32544438F70D}.Release|Any CPU.ActiveCfg = Release|Any CPU
		{141F062B-C290-43B4-A111-32544438F70D}.Release|Any CPU.Build.0 = Release|Any CPU
		{141F062B-C290-43B4-A111-32544438F70D}.Release|Mixed Platforms.ActiveCfg = Release|Any CPU
		{141F062B-C290-43B4-A111-32544438F70D}.Release|Mixed Platforms.Build.0 = Release|Any CPU
		{141F062B-C290-43B4-A111-32544438F70D}.Release|x86.ActiveCfg = Release|Any CPU
		{14FBF683-B36D-4C48-96DF-57176CF2A60F}.Debug - VS|Any CPU.ActiveCfg = Debug|Any CPU
		{14FBF683-B36D-4C48-96DF-57176CF2A60F}.Debug - VS|Any CPU.Build.0 = Debug|Any CPU
		{14FBF683-B36D-4C48-96DF-57176CF2A60F}.Debug - VS|Mixed Platforms.ActiveCfg = Debug|Any CPU
		{14FBF683-B36D-4C48-96DF-57176CF2A60F}.Debug - VS|Mixed Platforms.Build.0 = Debug|Any CPU
		{14FBF683-B36D-4C48-96DF-57176CF2A60F}.Debug - VS|x86.ActiveCfg = Debug|Any CPU
		{14FBF683-B36D-4C48-96DF-57176CF2A60F}.Debug|Any CPU.ActiveCfg = Debug|Any CPU
		{14FBF683-B36D-4C48-96DF-57176CF2A60F}.Debug|Any CPU.Build.0 = Debug|Any CPU
		{14FBF683-B36D-4C48-96DF-57176CF2A60F}.Debug|Mixed Platforms.ActiveCfg = Debug|Any CPU
		{14FBF683-B36D-4C48-96DF-57176CF2A60F}.Debug|Mixed Platforms.Build.0 = Debug|Any CPU
		{14FBF683-B36D-4C48-96DF-57176CF2A60F}.Debug|x86.ActiveCfg = Debug|Any CPU
		{14FBF683-B36D-4C48-96DF-57176CF2A60F}.Release - VS|Any CPU.ActiveCfg = Release|Any CPU
		{14FBF683-B36D-4C48-96DF-57176CF2A60F}.Release - VS|Any CPU.Build.0 = Release|Any CPU
		{14FBF683-B36D-4C48-96DF-57176CF2A60F}.Release - VS|Mixed Platforms.ActiveCfg = Release|Any CPU
		{14FBF683-B36D-4C48-96DF-57176CF2A60F}.Release - VS|Mixed Platforms.Build.0 = Release|Any CPU
		{14FBF683-B36D-4C48-96DF-57176CF2A60F}.Release - VS|x86.ActiveCfg = Release|Any CPU
		{14FBF683-B36D-4C48-96DF-57176CF2A60F}.Release|Any CPU.ActiveCfg = Release|Any CPU
		{14FBF683-B36D-4C48-96DF-57176CF2A60F}.Release|Any CPU.Build.0 = Release|Any CPU
		{14FBF683-B36D-4C48-96DF-57176CF2A60F}.Release|Mixed Platforms.ActiveCfg = Release|Any CPU
		{14FBF683-B36D-4C48-96DF-57176CF2A60F}.Release|Mixed Platforms.Build.0 = Release|Any CPU
		{14FBF683-B36D-4C48-96DF-57176CF2A60F}.Release|x86.ActiveCfg = Release|Any CPU
		{86B590BE-E14A-4252-BFF0-7148D45F99DF}.Debug - VS|Any CPU.ActiveCfg = Debug|Any CPU
		{86B590BE-E14A-4252-BFF0-7148D45F99DF}.Debug - VS|Any CPU.Build.0 = Debug|Any CPU
		{86B590BE-E14A-4252-BFF0-7148D45F99DF}.Debug - VS|Mixed Platforms.ActiveCfg = Debug|Any CPU
		{86B590BE-E14A-4252-BFF0-7148D45F99DF}.Debug - VS|Mixed Platforms.Build.0 = Debug|Any CPU
		{86B590BE-E14A-4252-BFF0-7148D45F99DF}.Debug - VS|x86.ActiveCfg = Debug|Any CPU
		{86B590BE-E14A-4252-BFF0-7148D45F99DF}.Debug|Any CPU.ActiveCfg = Debug|Any CPU
		{86B590BE-E14A-4252-BFF0-7148D45F99DF}.Debug|Any CPU.Build.0 = Debug|Any CPU
		{86B590BE-E14A-4252-BFF0-7148D45F99DF}.Debug|Mixed Platforms.ActiveCfg = Debug|Any CPU
		{86B590BE-E14A-4252-BFF0-7148D45F99DF}.Debug|Mixed Platforms.Build.0 = Debug|Any CPU
		{86B590BE-E14A-4252-BFF0-7148D45F99DF}.Debug|x86.ActiveCfg = Debug|Any CPU
		{86B590BE-E14A-4252-BFF0-7148D45F99DF}.Release - VS|Any CPU.ActiveCfg = Release|Any CPU
		{86B590BE-E14A-4252-BFF0-7148D45F99DF}.Release - VS|Any CPU.Build.0 = Release|Any CPU
		{86B590BE-E14A-4252-BFF0-7148D45F99DF}.Release - VS|Mixed Platforms.ActiveCfg = Release|Any CPU
		{86B590BE-E14A-4252-BFF0-7148D45F99DF}.Release - VS|Mixed Platforms.Build.0 = Release|Any CPU
		{86B590BE-E14A-4252-BFF0-7148D45F99DF}.Release - VS|x86.ActiveCfg = Release|Any CPU
		{86B590BE-E14A-4252-BFF0-7148D45F99DF}.Release|Any CPU.ActiveCfg = Release|Any CPU
		{86B590BE-E14A-4252-BFF0-7148D45F99DF}.Release|Any CPU.Build.0 = Release|Any CPU
		{86B590BE-E14A-4252-BFF0-7148D45F99DF}.Release|Mixed Platforms.ActiveCfg = Release|Any CPU
		{86B590BE-E14A-4252-BFF0-7148D45F99DF}.Release|Mixed Platforms.Build.0 = Release|Any CPU
		{86B590BE-E14A-4252-BFF0-7148D45F99DF}.Release|x86.ActiveCfg = Release|Any CPU
	EndGlobalSection
	GlobalSection(SolutionProperties) = preSolution
		HideSolutionNode = FALSE
	EndGlobalSection
	GlobalSection(MonoDevelopProperties) = preSolution
		name = Gedcom.NET
		version = 0.6
		StartupItem = Gedcom.UI\Gedcom.UI.GTK\Gedcom.UI.GTK.csproj
		MonoDevelop.ChangeLogAddIn.ChangeLogInfo = $0
		$0.policy = UpdateNearestChangeLog
	EndGlobalSection
EndGlobal
